
Microsoft Visual Studio Solution File, Format Version 12.00
# Visual Studio Version 17
VisualStudioVersion = 17.3.32728.150
MinimumVisualStudioVersion = 10.0.40219.1
Project("{9A19103F-16F7-4668-BE54-9A1E7A4F7556}") = "NeurULCodePlugin", "NeurULCodePlugin.csproj", "{BD752F18-CD6F-426E-91CE-99C331D9BE65}"
EndProject
Project("{9A19103F-16F7-4668-BE54-9A1E7A4F7556}") = "TreePlugin", "..\TreePlugin\TreePlugin.csproj", "{B36F21F4-B930-41AF-9857-A6BE0632450B}"
EndProject
Project("{9A19103F-16F7-4668-BE54-9A1E7A4F7556}") = "MsgPlugin", "..\MsgPlugin\MsgPlugin.csproj", "{1DA287F2-4C64-4479-B73A-5B82E65E1AE9}"
EndProject
Global
	GlobalSection(SolutionConfigurationPlatforms) = preSolution
		Debug|Any CPU = Debug|Any CPU
		Release|Any CPU = Release|Any CPU
	EndGlobalSection
	GlobalSection(ProjectConfigurationPlatforms) = postSolution
		{BD752F18-CD6F-426E-91CE-99C331D9BE65}.Debug|Any CPU.ActiveCfg = Debug|Any CPU
		{BD752F18-CD6F-426E-91CE-99C331D9BE65}.Debug|Any CPU.Build.0 = Debug|Any CPU
		{BD752F18-CD6F-426E-91CE-99C331D9BE65}.Release|Any CPU.ActiveCfg = Release|Any CPU
		{BD752F18-CD6F-426E-91CE-99C331D9BE65}.Release|Any CPU.Build.0 = Release|Any CPU
		{B36F21F4-B930-41AF-9857-A6BE0632450B}.Debug|Any CPU.ActiveCfg = Debug|Any CPU
		{B36F21F4-B930-41AF-9857-A6BE0632450B}.Debug|Any CPU.Build.0 = Debug|Any CPU
		{B36F21F4-B930-41AF-9857-A6BE0632450B}.Release|Any CPU.ActiveCfg = Release|Any CPU
		{B36F21F4-B930-41AF-9857-A6BE0632450B}.Release|Any CPU.Build.0 = Release|Any CPU
		{1DA287F2-4C64-4479-B73A-5B82E65E1AE9}.Debug|Any CPU.ActiveCfg = Debug|Any CPU
		{1DA287F2-4C64-4479-B73A-5B82E65E1AE9}.Debug|Any CPU.Build.0 = Debug|Any CPU
		{1DA287F2-4C64-4479-B73A-5B82E65E1AE9}.Release|Any CPU.ActiveCfg = Release|Any CPU
		{1DA287F2-4C64-4479-B73A-5B82E65E1AE9}.Release|Any CPU.Build.0 = Release|Any CPU
	EndGlobalSection
	GlobalSection(SolutionProperties) = preSolution
		HideSolutionNode = FALSE
	EndGlobalSection
	GlobalSection(ExtensibilityGlobals) = postSolution
		SolutionGuid = {7E8983B7-1010-490B-8422-6C1F0BB959BB}
	EndGlobalSection
EndGlobal
